{
    "packages": [
        {
            "name": "third-party/third-party",
            "autoload": {
                "psr-4": {
                    "ThirdParty": "src"
                }
            }
        },
        {
            "name": "target-dir/target-dir",
            "autoload": {
                "psr-0": {
                    "TargetDir\\Component\\": ""
                }
            },
            "target-dir": "TargetDir/Component"
        }
    ],
    "packages-dev": [
        {
            "name": "third-party/dev-dependency",
            "autoload": {
                "psr-4": {
                    "DevDependency": "src"
                }
            }
        }
    ]
}
